
Microsoft Visual Studio Solution File, Format Version 12.00
# Visual Studio Version 17
VisualStudioVersion = 17.1.32421.90
MinimumVisualStudioVersion = 10.0.40219.1
Project("{9A19103F-16F7-4668-BE54-9A1E7A4F7556}") = "MercuryEngine.Data", "src\MercuryEngine.Data\MercuryEngine.Data.csproj", "{95A4DDD0-FEAA-4B70-A30A-BD20813A5FDB}"
EndProject
Project("{9A19103F-16F7-4668-BE54-9A1E7A4F7556}") = "MercuryEngine.Data.Tests", "test\MercuryEngine.Data.Tests\MercuryEngine.Data.Tests.csproj", "{D0B8CB57-D7F7-4C2A-B219-F7ECA82A6312}"
EndProject
Project("{9A19103F-16F7-4668-BE54-9A1E7A4F7556}") = "MercuryEngine.Data.Types", "src\MercuryEngine.Data.Types\MercuryEngine.Data.Types.csproj", "{6D618EA4-35E4-4D8B-BBB8-1FC366573732}"
EndProject
Project("{9A19103F-16F7-4668-BE54-9A1E7A4F7556}") = "MercuryEngine.Data.Core", "src\MercuryEngine.Data.Core\MercuryEngine.Data.Core.csproj", "{D22D5AC9-FB30-4039-BE98-6B1A17E4FC2F}"
EndProject
Project("{9A19103F-16F7-4668-BE54-9A1E7A4F7556}") = "MercuryEngine.Data.Definitions", "src\MercuryEngine.Data.Definitions\MercuryEngine.Data.Definitions.csproj", "{D330E49C-D00D-4D9C-9584-47516599ACD4}"
EndProject
Project("{9A19103F-16F7-4668-BE54-9A1E7A4F7556}") = "MercuryEngine.Data.SourceGenerators", "src\MercuryEngine.Data.SourceGenerators\MercuryEngine.Data.SourceGenerators.csproj", "{C8340E4D-442B-4CF8-AEC0-5F9353C94D03}"
EndProject
Project("{2150E333-8FDC-42A3-9474-1A3956D46DE8}") = "tests", "tests", "{0D081BBD-7AE2-41FA-8B38-9E01A0096653}"
EndProject
Global
	GlobalSection(SolutionConfigurationPlatforms) = preSolution
		Debug|Any CPU = Debug|Any CPU
		Release|Any CPU = Release|Any CPU
	EndGlobalSection
	GlobalSection(ProjectConfigurationPlatforms) = postSolution
		{95A4DDD0-FEAA-4B70-A30A-BD20813A5FDB}.Debug|Any CPU.ActiveCfg = Debug|Any CPU
		{95A4DDD0-FEAA-4B70-A30A-BD20813A5FDB}.Debug|Any CPU.Build.0 = Debug|Any CPU
		{95A4DDD0-FEAA-4B70-A30A-BD20813A5FDB}.Release|Any CPU.ActiveCfg = Release|Any CPU
		{95A4DDD0-FEAA-4B70-A30A-BD20813A5FDB}.Release|Any CPU.Build.0 = Release|Any CPU
		{D0B8CB57-D7F7-4C2A-B219-F7ECA82A6312}.Debug|Any CPU.ActiveCfg = Debug|Any CPU
		{D0B8CB57-D7F7-4C2A-B219-F7ECA82A6312}.Debug|Any CPU.Build.0 = Debug|Any CPU
		{D0B8CB57-D7F7-4C2A-B219-F7ECA82A6312}.Release|Any CPU.ActiveCfg = Release|Any CPU
		{D0B8CB57-D7F7-4C2A-B219-F7ECA82A6312}.Release|Any CPU.Build.0 = Release|Any CPU
		{6D618EA4-35E4-4D8B-BBB8-1FC366573732}.Debug|Any CPU.ActiveCfg = Debug|Any CPU
		{6D618EA4-35E4-4D8B-BBB8-1FC366573732}.Debug|Any CPU.Build.0 = Debug|Any CPU
		{6D618EA4-35E4-4D8B-BBB8-1FC366573732}.Release|Any CPU.ActiveCfg = Release|Any CPU
		{6D618EA4-35E4-4D8B-BBB8-1FC366573732}.Release|Any CPU.Build.0 = Release|Any CPU
		{D22D5AC9-FB30-4039-BE98-6B1A17E4FC2F}.Debug|Any CPU.ActiveCfg = Debug|Any CPU
		{D22D5AC9-FB30-4039-BE98-6B1A17E4FC2F}.Debug|Any CPU.Build.0 = Debug|Any CPU
		{D22D5AC9-FB30-4039-BE98-6B1A17E4FC2F}.Release|Any CPU.ActiveCfg = Release|Any CPU
		{D22D5AC9-FB30-4039-BE98-6B1A17E4FC2F}.Release|Any CPU.Build.0 = Release|Any CPU
		{D330E49C-D00D-4D9C-9584-47516599ACD4}.Debug|Any CPU.ActiveCfg = Debug|Any CPU
		{D330E49C-D00D-4D9C-9584-47516599ACD4}.Debug|Any CPU.Build.0 = Debug|Any CPU
		{D330E49C-D00D-4D9C-9584-47516599ACD4}.Release|Any CPU.ActiveCfg = Release|Any CPU
		{D330E49C-D00D-4D9C-9584-47516599ACD4}.Release|Any CPU.Build.0 = Release|Any CPU
		{C8340E4D-442B-4CF8-AEC0-5F9353C94D03}.Debug|Any CPU.ActiveCfg = Debug|Any CPU
		{C8340E4D-442B-4CF8-AEC0-5F9353C94D03}.Debug|Any CPU.Build.0 = Debug|Any CPU
		{C8340E4D-442B-4CF8-AEC0-5F9353C94D03}.Release|Any CPU.ActiveCfg = Release|Any CPU
		{C8340E4D-442B-4CF8-AEC0-5F9353C94D03}.Release|Any CPU.Build.0 = Release|Any CPU
	EndGlobalSection
	GlobalSection(SolutionProperties) = preSolution
		HideSolutionNode = FALSE
	EndGlobalSection
	GlobalSection(NestedProjects) = preSolution
		{D0B8CB57-D7F7-4C2A-B219-F7ECA82A6312} = {0D081BBD-7AE2-41FA-8B38-9E01A0096653}
	EndGlobalSection
	GlobalSection(ExtensibilityGlobals) = postSolution
		SolutionGuid = {4E92A522-D5BC-4856-B5BF-D3D5585051DE}
	EndGlobalSection
EndGlobal
